Microsoft Visual Studio Solution File, Format Version 12.00
# Visual Studio Version 17
VisualStudioVersion = 17.5.2.0
MinimumVisualStudioVersion = 10.0.40219.1
Project("{FAE04EC0-301F-11D3-BF4B-00C04F79EFBC}") = "10XP", "10XP.csproj", "{31C628A4-7137-9FC1-4DCB-992324F5E746}"
EndProject
Global
	GlobalSection(SolutionConfigurationPlatforms) = preSolution
		Debug|Any CPU = Debug|Any CPU
		Release|Any CPU = Release|Any CPU
	EndGlobalSection
	GlobalSection(ProjectConfigurationPlatforms) = postSolution
		{31C628A4-7137-9FC1-4DCB-992324F5E746}.Debug|Any CPU.ActiveCfg = Debug|Any CPU
		{31C628A4-7137-9FC1-4DCB-992324F5E746}.Debug|Any CPU.Build.0 = Debug|Any CPU
		{31C628A4-7137-9FC1-4DCB-992324F5E746}.Release|Any CPU.ActiveCfg = Release|Any CPU
		{31C628A4-7137-9FC1-4DCB-992324F5E746}.Release|Any CPU.Build.0 = Release|Any CPU
	EndGlobalSection
	GlobalSection(SolutionProperties) = preSolution
		HideSolutionNode = FALSE
	EndGlobalSection
	GlobalSection(ExtensibilityGlobals) = postSolution
		SolutionGuid = {03631EDE-6E9A-4AA1-8140-26DAE546A978}
	EndGlobalSection
EndGlobal
